<?xml version="1.0" encoding="utf-8"?>
<Project ToolsVersion="4.0" xmlns="http://schemas.microsoft.com/developer/msbuild/2003">
  <ItemGroup>
    <ClCompile Include="Component.cpp" />
    <ClCompile Include="GameObject.cpp" />
    <ClCompile Include="RigidBodyComponent.cpp" />
    <ClCompile Include="DXCore.cpp" />
    <ClCompile Include="DXDevice.cpp" />
    <ClCompile Include="DXResourceManager.cpp" />
    <ClCompile Include="ForwardRenderStrategy.cpp" />
    <ClCompile Include="GfxResourceManager.cpp" />
    <ClCompile Include="GfxRenderer.cpp" />
    <ClCompile Include="Graphics.cpp" />
    <ClCompile Include="IRenderStrategy.cpp" />
    <ClCompile Include="Source.cpp" />
    <ClCompile Include="Window.cpp" />
    <ClCompile Include="GfxResourceDevice.cpp" />
  </ItemGroup>
  <ItemGroup>
    <ClCompile Include="Source.cpp">
      <Filter>Source Files</Filter>
    </ClCompile>
    <ClCompile Include="Window.cpp">
      <Filter>Source Files</Filter>
    </ClCompile>
    <ClCompile Include="DXCore.cpp">
      <Filter>Source Files</Filter>
    </ClCompile>
    <ClCompile Include="DXDevice.cpp">
      <Filter>Source Files</Filter>
    </ClCompile>
    <ClCompile Include="GfxRenderer.cpp">
      <Filter>Source Files</Filter>
    </ClCompile>
    <ClCompile Include="Graphics.cpp">
      <Filter>Source Files</Filter>
    </ClCompile>
    <ClCompile Include="IRenderStrategy.cpp">
      <Filter>Source Files</Filter>
    </ClCompile>
    <ClCompile Include="ForwardRenderStrategy.cpp">
      <Filter>Source Files</Filter>
    </ClCompile>
    <ClCompile Include="GfxResourceManager.cpp">
      <Filter>Source Files</Filter>
    </ClCompile>
    <ClCompile Include="DXResourceManager.cpp">
      <Filter>Source Files</Filter>
    </ClCompile>
  </ItemGroup>
  <ItemGroup>
    <ClInclude Include="Window.h">
      <Filter>Header Files</Filter>
    </ClInclude>
    <ClInclude Include="DXCore.h">
      <Filter>Header Files</Filter>
    </ClInclude>
    <ClInclude Include="DXDevice.h">
      <Filter>Header Files</Filter>
    </ClInclude>
    <ClInclude Include="GfxRenderer.h">
      <Filter>Header Files</Filter>
    </ClInclude>
    <ClInclude Include="Graphics.h">
      <Filter>Header Files</Filter>
    </ClInclude>
    <ClInclude Include="IRenderStrategy.h">
      <Filter>Header Files</Filter>
    </ClInclude>
    <ClInclude Include="ForwardRenderStrategy.h">
      <Filter>Header Files</Filter>
    </ClInclude>
    <ClInclude Include="GfxResourceManager.h">
      <Filter>Header Files</Filter>
    </ClInclude>
    <ClInclude Include="DXResourceManager.h">
      <Filter>Header Files</Filter>
    </ClInclude>
    <ClInclude Include="Component.h" />
    <ClInclude Include="GameObject.h" />
    <ClInclude Include="RigidBodyComponent.h" />
    <ClInclude Include="DXCore.h" />
    <ClInclude Include="DXDevice.h" />
    <ClInclude Include="DXResourceManager.h" />
    <ClInclude Include="ForwardRenderStrategy.h" />
    <ClInclude Include="GfxResourceManager.h" />
    <ClInclude Include="GfxRenderer.h" />
    <ClInclude Include="Graphics.h" />
    <ClInclude Include="IRenderStrategy.h" />
    <ClInclude Include="Window.h" />
    <ClInclude Include="GfxResourceDevice.h" />
  </ItemGroup>
</Project>