<?xml version="1.0" encoding="utf-8"?>
<Project ToolsVersion="4.0" xmlns="http://schemas.microsoft.com/developer/msbuild/2003">
  <ItemGroup>
    <ClCompile Include="Component.cpp" />
    <ClCompile Include="GameObject.cpp" />
    <ClCompile Include="RigidBodyComponent.cpp" />
    <ClCompile Include="Source.cpp" />
    <ClCompile Include="Transform.cpp" />
    <ClCompile Include="Window.cpp" />
    <ClCompile Include="Logic.cpp" />
    <ClCompile Include="Graphics\DX\DXShader.cpp" />
    <ClCompile Include="Graphics\DX\DXBuffer.cpp" />
    <ClCompile Include="Graphics\DX\DXTexture.cpp" />
    <ClCompile Include="Graphics\GfxResourceDevice.cpp" />
    <ClCompile Include="Graphics\DX\DXCore.cpp" />
    <ClCompile Include="Graphics\DX\DXDevice.cpp" />
    <ClCompile Include="Graphics\ForwardRenderStrategy.cpp" />
    <ClCompile Include="Graphics\GfxRenderer.cpp" />
    <ClCompile Include="Graphics\Graphics.cpp" />
    <ClCompile Include="Graphics\IRenderStrategy.cpp" />
    <ClCompile Include="Source.cpp" />
    <ClCompile Include="Transform.cpp" />
    <ClCompile Include="Window.cpp" />
    <ClCompile Include="Component.cpp" />
    <ClCompile Include="RigidBodyComponent.cpp" />
    <ClCompile Include="GameObject.cpp" />
    <ClCompile Include="Camera.cpp" />
    <ClCompile Include="Logger.cpp" />
  </ItemGroup>
  <ItemGroup>
    <ClInclude Include="Component.h" />
    <ClInclude Include="GameObject.h" />
    <ClInclude Include="RigidBodyComponent.h" />
    <ClInclude Include="Transform.h" />
    <ClInclude Include="Window.h" />
    <ClInclude Include="Logic.h" />
    <ClInclude Include="Transform.h" />
    <ClInclude Include="Graphics\DX\DXShader.h" />
    <ClInclude Include="Graphics\DX\DXBuffer.h" />
    <ClInclude Include="Graphics\DX\DXTexture.h" />
    <ClInclude Include="Graphics\GfxResourceDevice.h" />
    <ClInclude Include="Graphics\DX\DXCore.h" />
    <ClInclude Include="Graphics\DX\DXDevice.h" />
    <ClInclude Include="Graphics\ForwardRenderStrategy.h" />
    <ClInclude Include="Graphics\GfxRenderer.h" />
    <ClInclude Include="Graphics\Graphics.h" />
    <ClInclude Include="Graphics\IRenderStrategy.h" />
    <ClInclude Include="Window.h" />
    <ClInclude Include="Camera.h" />
    <ClInclude Include="Logger.h" />
  </ItemGroup>
</Project>