<?xml version="1.0" encoding="utf-8"?>
<Project ToolsVersion="4.0" xmlns="http://schemas.microsoft.com/developer/msbuild/2003">
  <ItemGroup>
    <ClCompile Include="Component.cpp" />
    <ClCompile Include="GameObject.cpp" />
    <ClCompile Include="Source.cpp" />
    <ClCompile Include="Transform.cpp" />
    <ClCompile Include="Window.cpp" />
    <ClCompile Include="Logic.cpp" />
    <ClCompile Include="Graphics\DX\DXShader.cpp" />
    <ClCompile Include="Graphics\DX\DXBuffer.cpp" />
    <ClCompile Include="Graphics\DX\DXTexture.cpp" />
    <ClCompile Include="Graphics\GfxResourceDevice.cpp" />
    <ClCompile Include="Graphics\DX\DXCore.cpp" />
    <ClCompile Include="Graphics\DX\DXDevice.cpp" />
    <ClCompile Include="Graphics\ForwardRenderStrategy.cpp" />
    <ClCompile Include="Graphics\GfxRenderer.cpp" />
    <ClCompile Include="Graphics\Graphics.cpp" />
    <ClCompile Include="Graphics\IRenderStrategy.cpp" />
    <ClCompile Include="Source.cpp" />
    <ClCompile Include="Transform.cpp" />
    <ClCompile Include="Window.cpp" />
    <ClCompile Include="Component.cpp" />
    <ClCompile Include="GameObject.cpp" />
    <ClCompile Include="Camera.cpp" />
    <ClCompile Include="Scene.cpp" />
    <ClCompile Include="Collider.cpp" />
    <ClCompile Include="PhysicsEngine.cpp" />
    <ClCompile Include="SphereCollider.cpp" />
    <ClCompile Include="Graphics\DX\GraphicUtils.cpp" />
    <ClCompile Include="Graphics\Mesh.cpp" />
    <ClCompile Include="Source.cpp" />
    <ClCompile Include="Window.cpp" />
    <ClCompile Include="Input.cpp" />
    <ClCompile Include="SceneManager.cpp" />
    <ClCompile Include="RigidBody.cpp" />
    <ClCompile Include="OrientedBoxCollider.cpp" />
    <ClCompile Include="Graphics\Model.cpp" />
    <ClCompile Include="Graphics\Material.cpp" />
    <ClCompile Include="SceneManagerObserver.cpp" />
    <ClCompile Include="Timer.cpp" />
    <ClCompile Include="Graphics\AssimpLoader.cpp" />
    <ClCompile Include="Logger.cpp" />
    <ClCompile Include="DebugCamera.cpp" />
    <ClCompile Include="CameraComponent.cpp" />
    <ClCompile Include="Player.cpp" />
    <ClCompile Include="CapsuleCollider.cpp" />
    <ClCompile Include="Graphics\DX\DXResource.cpp" />
    <ClCompile Include="Graphics\DX\DXPipeline.cpp" />
    <ClCompile Include="Graphics\DX\DXRenderPass.cpp" />
    <ClCompile Include="CameraSwitch.cpp" />
    <ClCompile Include="Scenes\Scene1.cpp" />
    <ClCompile Include="Scenes\Scene2.cpp" />
    <ClCompile Include="Graphics\Skybox.cpp" />
    <ClCompile Include="Scenes\Scene3.cpp" />
    <ClCompile Include="Graphics\DeferredRenderStrategy.cpp" />
    <ClCompile Include="Graphics\FullscreenQuad.cpp" />
    <ClCompile Include="Graphics\DirectionalLight.cpp" />
    <ClCompile Include="PlayerJumpTrigger.cpp" />
    <ClCompile Include="Scenes\Scene4.cpp" />
    <ClCompile Include="SceneReader.cpp" />
    <ClCompile Include="Scenes\Scene5.cpp" />
    <ClCompile Include="Graphics\PointLight.cpp" />
    <ClCompile Include="Graphics\PointLightRepo.cpp" />
    <ClCompile Include="Rotate.cpp" />
    <ClCompile Include="PlayerCameraMovement.cpp" />
    <ClCompile Include="Sound.cpp" />
    <ClCompile Include="Move.cpp" />
    <ClCompile Include="pch.cpp" />
    <ClCompile Include="Graphics\ParticleSystem.cpp" />
    <ClCompile Include="ParticleSystemComponent.cpp" />
    <ClCompile Include="Graphics\2D\SpriteRenderer.cpp" />
    <ClCompile Include="Graphics\LineDrawer.cpp" />
    <ClCompile Include="TableOfTimes.cpp" />
    <ClCompile Include="GoalLogic.cpp" />
    <ClCompile Include="Graphics\2D\Text.cpp" />
  </ItemGroup>
  <ItemGroup>
    <ClInclude Include="Component.h" />
    <ClInclude Include="GameObject.h" />
    <ClInclude Include="Transform.h" />
    <ClInclude Include="Window.h" />
    <ClInclude Include="Logic.h" />
    <ClInclude Include="Transform.h" />
    <ClInclude Include="Graphics\DX\DXShader.h" />
    <ClInclude Include="Graphics\DX\DXBuffer.h" />
    <ClInclude Include="Graphics\DX\DXTexture.h" />
    <ClInclude Include="Graphics\GfxResourceDevice.h" />
    <ClInclude Include="Graphics\DX\DXCore.h" />
    <ClInclude Include="Graphics\DX\DXDevice.h" />
    <ClInclude Include="Graphics\ForwardRenderStrategy.h" />
    <ClInclude Include="Graphics\GfxRenderer.h" />
    <ClInclude Include="Graphics\Graphics.h" />
    <ClInclude Include="Graphics\IRenderStrategy.h" />
    <ClInclude Include="Window.h" />
    <ClInclude Include="Camera.h" />
    <ClInclude Include="Scene.h" />
    <ClInclude Include="Collider.h" />
    <ClInclude Include="PhysicsEngine.h" />
    <ClInclude Include="SphereCollider.h" />
    <ClInclude Include="Graphics\DX\GraphicsUtils.h" />
    <ClInclude Include="Graphics\Mesh.h" />
    <ClInclude Include="SceneManager.h" />
    <ClInclude Include="RigidBody.h" />
    <ClInclude Include="OrientedBoxCollider.h" />
    <ClInclude Include="Graphics\Model.h" />
    <ClInclude Include="Graphics\ResourceRepository.h" />
    <ClInclude Include="Graphics\Material.h" />
    <ClInclude Include="SceneManagerObserver.h" />
    <ClInclude Include="Timer.h" />
    <ClInclude Include="Graphics\AssimpLoader.h" />
    <ClInclude Include="DebugCamera.h" />
    <ClInclude Include="CameraComponent.h" />
    <ClInclude Include="Player.h" />
    <ClInclude Include="CameraSwitch.h" />
    <ClInclude Include="CapsuleCollider.h" />
    <ClInclude Include="Graphics\DX\DXResource.h" />
    <ClInclude Include="Graphics\DX\DXPipeline.h" />
    <ClInclude Include="Graphics\DX\DXRenderPass.h" />
    <ClInclude Include="Scenes\Scene1.h" />
    <ClInclude Include="Scenes\Scene2.h" />
    <ClInclude Include="Graphics\Skybox.h" />
    <ClInclude Include="Scenes\Scene3.h" />
    <ClInclude Include="Graphics\DeferredRenderStrategy.h" />
    <ClInclude Include="Graphics\FullscreenQuad.h" />
    <ClInclude Include="Graphics\DirectionalLight.h" />
    <ClInclude Include="PlayerJumpTrigger.h" />
    <ClInclude Include="Scenes\Scene4.h" />
    <ClInclude Include="SceneReader.h" />
    <ClInclude Include="Libraries\inc\json\json.hpp" />
    <ClInclude Include="Scenes\Scene5.h" />
    <ClInclude Include="Graphics\PointLight.h" />
    <ClInclude Include="Graphics\PointLightRepo.h" />
    <ClInclude Include="Rotate.h" />
    <ClInclude Include="PlayerCameraMovement.h" />
    <ClInclude Include="Sound.h" />
    <ClInclude Include="Move.h" />
    <ClInclude Include="pch\pch.h" />
    <ClInclude Include="Graphics\ParticleSystem.h" />
    <ClInclude Include="ParticleSystemComponent.h" />
    <ClInclude Include="Graphics\2D\SpriteRenderer.h" />
    <ClInclude Include="Graphics\2D\ISprite.h" />
    <ClInclude Include="Graphics\LineDrawer.h" />
    <ClInclude Include="TableOfTimes.h" />
    <ClInclude Include="GoalLogic.h" />
    <ClInclude Include="Graphics\2D\Text.h" />
  </ItemGroup>
  <ItemGroup>
    <FxCompile Include="Graphics\Shaders\DefaultVS.hlsl" />
    <FxCompile Include="Graphics\Shaders\DefaultPS.hlsl" />
    <ClInclude Include="Window.h" />
    <ClInclude Include="Input.h" />
    <FxCompile Include="Graphics\Shaders\SkyboxVS.hlsl" />
    <FxCompile Include="Graphics\Shaders\SkyboxPS.hlsl" />
    <FxCompile Include="Graphics\Shaders\LightPassPS.hlsl" />
    <FxCompile Include="Graphics\Shaders\LightPassVS.hlsl" />
    <FxCompile Include="Graphics\Shaders\PostProcessVS.hlsl" />
    <FxCompile Include="Graphics\Shaders\PostProcessPS.hlsl" />
    <FxCompile Include="Graphics\Shaders\LineVS.hlsl" />
    <FxCompile Include="Graphics\Shaders\LinePS.hlsl" />
    <FxCompile Include="Graphics\Shaders\LineGS.hlsl" />
    <FxCompile Include="Graphics\Shaders\ParticleVS.hlsl" />
    <FxCompile Include="Graphics\Shaders\ParticleQuadGS.hlsl" />
    <FxCompile Include="Graphics\Shaders\ParticlePS.hlsl" />
    <FxCompile Include="Graphics\Shaders\ParticleDefaultSimCS.hlsl" />
    <FxCompile Include="Graphics\Shaders\ParticleDefaultEmittCS.hlsl" />
  </ItemGroup>
  <ItemGroup>
    <None Include="packages.config" />
    <ClInclude Include="Logger.h" />
    <None Include="Scenes\SceneJSONs\scene.json" />
    <None Include="Tools\SceneReader\SceneReader.cs" />
    <None Include="Textures\Sprites\Fonts\font.spritefont" />
  </ItemGroup>
</Project>